
Microsoft Visual Studio Solution File, Format Version 12.00
# Visual Studio Version 17
VisualStudioVersion = 17.3.32922.545
MinimumVisualStudioVersion = 10.0.40219.1
Project("{9A19103F-16F7-4668-BE54-9A1E7A4F7556}") = "Hangfire.PerformContextAccessor", "Hangfire.PerformContextAccessor\Hangfire.PerformContextAccessor.csproj", "{B7344AFC-C959-4332-810E-9DDF74F48B4C}"
EndProject
Project("{FAE04EC0-301F-11D3-BF4B-00C04F79EFBC}") = "Hangfire.PerformContextAccessor.Tests", "Hangfire.PerformContextAccessor.Tests\Hangfire.PerformContextAccessor.Tests.csproj", "{E6545EDB-1792-4B34-93EF-16D3E907CDE6}"
EndProject
Project("{FAE04EC0-301F-11D3-BF4B-00C04F79EFBC}") = "Sample", "Sample\Sample.csproj", "{7EDB2BEE-EBC7-445E-9518-AF7A7BDE7DA5}"
EndProject
Global
	GlobalSection(SolutionConfigurationPlatforms) = preSolution
		Debug|Any CPU = Debug|Any CPU
		Release|Any CPU = Release|Any CPU
	EndGlobalSection
	GlobalSection(ProjectConfigurationPlatforms) = postSolution
		{B7344AFC-C959-4332-810E-9DDF74F48B4C}.Debug|Any CPU.ActiveCfg = Debug|Any CPU
		{B7344AFC-C959-4332-810E-9DDF74F48B4C}.Debug|Any CPU.Build.0 = Debug|Any CPU
		{B7344AFC-C959-4332-810E-9DDF74F48B4C}.Release|Any CPU.ActiveCfg = Release|Any CPU
		{B7344AFC-C959-4332-810E-9DDF74F48B4C}.Release|Any CPU.Build.0 = Release|Any CPU
		{E6545EDB-1792-4B34-93EF-16D3E907CDE6}.Debug|Any CPU.ActiveCfg = Debug|Any CPU
		{E6545EDB-1792-4B34-93EF-16D3E907CDE6}.Debug|Any CPU.Build.0 = Debug|Any CPU
		{E6545EDB-1792-4B34-93EF-16D3E907CDE6}.Release|Any CPU.ActiveCfg = Release|Any CPU
		{E6545EDB-1792-4B34-93EF-16D3E907CDE6}.Release|Any CPU.Build.0 = Release|Any CPU
		{7EDB2BEE-EBC7-445E-9518-AF7A7BDE7DA5}.Debug|Any CPU.ActiveCfg = Debug|Any CPU
		{7EDB2BEE-EBC7-445E-9518-AF7A7BDE7DA5}.Debug|Any CPU.Build.0 = Debug|Any CPU
		{7EDB2BEE-EBC7-445E-9518-AF7A7BDE7DA5}.Release|Any CPU.ActiveCfg = Release|Any CPU
		{7EDB2BEE-EBC7-445E-9518-AF7A7BDE7DA5}.Release|Any CPU.Build.0 = Release|Any CPU
	EndGlobalSection
	GlobalSection(SolutionProperties) = preSolution
		HideSolutionNode = FALSE
	EndGlobalSection
	GlobalSection(ExtensibilityGlobals) = postSolution
		SolutionGuid = {B3341F52-C861-4820-9E6A-BAE6293AFBB7}
	EndGlobalSection
EndGlobal
